Microsoft Visual Studio Solution File, Format Version 11.00
# Visual Studio 2008

Project("{AA3E7193-DFBF-AD32-7543-4284DC6ED65A}") = "gameobjects", "Assembly-CSharp.csproj", "{1B01C463-A333-08A6-4117-90C065DD2420}"
EndProject
Global
	GlobalSection(SolutionConfigurationPlatforms) = preSolution
		Debug|Any CPU = Debug|Any CPU
		Release|Any CPU = Release|Any CPU
	EndGlobalSection
	GlobalSection(ProjectConfigurationPlatforms) = postSolution
		{1B01C463-A333-08A6-4117-90C065DD2420}.Debug|Any CPU.ActiveCfg = Debug|Any CPU
		{1B01C463-A333-08A6-4117-90C065DD2420}.Debug|Any CPU.Build.0 = Debug|Any CPU
		{1B01C463-A333-08A6-4117-90C065DD2420}.Release|Any CPU.ActiveCfg = Release|Any CPU
		{1B01C463-A333-08A6-4117-90C065DD2420}.Release|Any CPU.Build.0 = Release|Any CPU
	EndGlobalSection
	GlobalSection(SolutionProperties) = preSolution
		HideSolutionNode = FALSE
	EndGlobalSection
	GlobalSection(MonoDevelopProperties) = preSolution
		StartupItem = Assembly-CSharp.csproj
	EndGlobalSection
EndGlobal
